
Microsoft Visual Studio Solution File, Format Version 12.00
# Visual Studio Version 16
VisualStudioVersion = 16.0.31112.23
MinimumVisualStudioVersion = 10.0.40219.1
Project("{FAE04EC0-301F-11D3-BF4B-00C04F79EFBC}") = "Lesson1_Practice", "Lesson1_Practice.csproj", "{7FC32F32-6B2A-4928-A6F6-36516DD27FD0}"
EndProject
Global
	GlobalSection(SolutionConfigurationPlatforms) = preSolution
		Debug|Any CPU = Debug|Any CPU
		Release|Any CPU = Release|Any CPU
	EndGlobalSection
	GlobalSection(ProjectConfigurationPlatforms) = postSolution
		{7FC32F32-6B2A-4928-A6F6-36516DD27FD0}.Debug|Any CPU.ActiveCfg = Debug|Any CPU
		{7FC32F32-6B2A-4928-A6F6-36516DD27FD0}.Debug|Any CPU.Build.0 = Debug|Any CPU
		{7FC32F32-6B2A-4928-A6F6-36516DD27FD0}.Release|Any CPU.ActiveCfg = Release|Any CPU
		{7FC32F32-6B2A-4928-A6F6-36516DD27FD0}.Release|Any CPU.Build.0 = Release|Any CPU
	EndGlobalSection
	GlobalSection(SolutionProperties) = preSolution
		HideSolutionNode = FALSE
	EndGlobalSection
	GlobalSection(ExtensibilityGlobals) = postSolution
		SolutionGuid = {EDCAB859-E537-4F04-B39B-0E8D1A7B8ACC}
	EndGlobalSection
EndGlobal
